// !$*UTF8*$!
{
	archiveVersion = 1;
	classes = {
	};
	objectVersion = 55;
	objects = {

/* Begin PBXBuildFile section */
		D0C9A1D5280AE6CD007C77B2 /* Covid_19_InfoApp.swift in Sources */ = {isa = PBXBuildFile; fileRef = D0C9A1D4280AE6CD007C77B2 /* Covid_19_InfoApp.swift */; };
		D0C9A1D7280AE6CD007C77B2 /* ContentView.swift in Sources */ = {isa = PBXBuildFile; fileRef = D0C9A1D6280AE6CD007C77B2 /* ContentView.swift */; };
		D0C9A1D9280AE6D1007C77B2 /* Assets.xcassets in Resources */ = {isa = PBXBuildFile; fileRef = D0C9A1D8280AE6D1007C77B2 /* Assets.xcassets */; };
		D0C9A1DC280AE6D1007C77B2 /* Preview Assets.xcassets in Resources */ = {isa = PBXBuildFile; fileRef = D0C9A1DB280AE6D1007C77B2 /* Preview Assets.xcassets */; };
		D0C9A1E6280AE6D1007C77B2 /* Covid_19_InfoTests.swift in Sources */ = {isa = PBXBuildFile; fileRef = D0C9A1E5280AE6D1007C77B2 /* Covid_19_InfoTests.swift */; };
		D0C9A1F0280AE6D1007C77B2 /* Covid_19_InfoUITests.swift in Sources */ = {isa = PBXBuildFile; fileRef = D0C9A1EF280AE6D1007C77B2 /* Covid_19_InfoUITests.swift */; };
		D0C9A1F2280AE6D1007C77B2 /* Covid_19_InfoUITestsLaunchTests.swift in Sources */ = {isa = PBXBuildFile; fileRef = D0C9A1F1280AE6D1007C77B2 /* Covid_19_InfoUITestsLaunchTests.swift */; };
		D0C9A1FF280AF1CD007C77B2 /* Home_Page.swift in Sources */ = {isa = PBXBuildFile; fileRef = D0C9A1FE280AF1CD007C77B2 /* Home_Page.swift */; };
/* End PBXBuildFile section */

/* Begin PBXContainerItemProxy section */
		D0C9A1E2280AE6D1007C77B2 /* PBXContainerItemProxy */ = {
			isa = PBXContainerItemProxy;
			containerPortal = D0C9A1C9280AE6CC007C77B2 /* Project object */;
			proxyType = 1;
			remoteGlobalIDString = D0C9A1D0280AE6CC007C77B2;
			remoteInfo = "Covid-19 Info";
		};
		D0C9A1EC280AE6D1007C77B2 /* PBXContainerItemProxy */ = {
			isa = PBXContainerItemProxy;
			containerPortal = D0C9A1C9280AE6CC007C77B2 /* Project object */;
			proxyType = 1;
			remoteGlobalIDString = D0C9A1D0280AE6CC007C77B2;
			remoteInfo = "Covid-19 Info";
		};
/* End PBXContainerItemProxy section */

/* Begin PBXFileReference section */
		D0C9A1D1280AE6CD007C77B2 /* Covid-19 Info.app */ = {isa = PBXFileReference; explicitFileType = wrapper.application; includeInIndex = 0; path = "Covid-19 Info.app"; sourceTree = BUILT_PRODUCTS_DIR; };
		D0C9A1D4280AE6CD007C77B2 /* Covid_19_InfoApp.swift */ = {isa = PBXFileReference; lastKnownFileType = sourcecode.swift; path = Covid_19_InfoApp.swift; sourceTree = "<group>"; };
		D0C9A1D6280AE6CD007C77B2 /* ContentView.swift */ = {isa = PBXFileReference; lastKnownFileType = sourcecode.swift; path = ContentView.swift; sourceTree = "<group>"; };
		D0C9A1D8280AE6D1007C77B2 /* Assets.xcassets */ = {isa = PBXFileReference; lastKnownFileType = folder.assetcatalog; path = Assets.xcassets; sourceTree = "<group>"; };
		D0C9A1DB280AE6D1007C77B2 /* Preview Assets.xcassets */ = {isa = PBXFileReference; lastKnownFileType = folder.assetcatalog; path = "Preview Assets.xcassets"; sourceTree = "<group>"; };
		D0C9A1E1280AE6D1007C77B2 /* Covid-19 InfoTests.xctest */ = {isa = PBXFileReference; explicitFileType = wrapper.cfbundle; includeInIndex = 0; path = "Covid-19 InfoTests.xctest"; sourceTree = BUILT_PRODUCTS_DIR; };
		D0C9A1E5280AE6D1007C77B2 /* Covid_19_InfoTests.swift */ = {isa = PBXFileReference; lastKnownFileType = sourcecode.swift; path = Covid_19_InfoTests.swift; sourceTree = "<group>"; };
		D0C9A1EB280AE6D1007C77B2 /* Covid-19 InfoUITests.xctest */ = {isa = PBXFileReference; explicitFileType = wrapper.cfbundle; includeInIndex = 0; path = "Covid-19 InfoUITests.xctest"; sourceTree = BUILT_PRODUCTS_DIR; };
		D0C9A1EF280AE6D1007C77B2 /* Covid_19_InfoUITests.swift */ = {isa = PBXFileReference; lastKnownFileType = sourcecode.swift; path = Covid_19_InfoUITests.swift; sourceTree = "<group>"; };
		D0C9A1F1280AE6D1007C77B2 /* Covid_19_InfoUITestsLaunchTests.swift */ = {isa = PBXFileReference; lastKnownFileType = sourcecode.swift; path = Covid_19_InfoUITestsLaunchTests.swift; sourceTree = "<group>"; };
		D0C9A1FE280AF1CD007C77B2 /* Home_Page.swift */ = {isa = PBXFileReference; lastKnownFileType = sourcecode.swift; path = Home_Page.swift; sourceTree = "<group>"; };
/* End PBXFileReference section */

/* Begin PBXFrameworksBuildPhase section */
		D0C9A1CE280AE6CC007C77B2 /* Frameworks */ = {
			isa = PBXFrameworksBuildPhase;
			buildActionMask = 2147483647;
			files = (
			);
			runOnlyForDeploymentPostprocessing = 0;
		};
		D0C9A1DE280AE6D1007C77B2 /* Frameworks */ = {
			isa = PBXFrameworksBuildPhase;
			buildActionMask = 2147483647;
			files = (
			);
			runOnlyForDeploymentPostprocessing = 0;
		};
		D0C9A1E8280AE6D1007C77B2 /* Frameworks */ = {
			isa = PBXFrameworksBuildPhase;
			buildActionMask = 2147483647;
			files = (
			);
			runOnlyForDeploymentPostprocessing = 0;
		};
/* End PBXFrameworksBuildPhase section */

/* Begin PBXGroup section */
		D0C9A1C8280AE6CC007C77B2 = {
			isa = PBXGroup;
			children = (
				D0C9A1D3280AE6CD007C77B2 /* Covid-19 Info */,
				D0C9A1E4280AE6D1007C77B2 /* Covid-19 InfoTests */,
				D0C9A1EE280AE6D1007C77B2 /* Covid-19 InfoUITests */,
				D0C9A1D2280AE6CD007C77B2 /* Products */,
			);
			sourceTree = "<group>";
		};
		D0C9A1D2280AE6CD007C77B2 /* Products */ = {
			isa = PBXGroup;
			children = (
				D0C9A1D1280AE6CD007C77B2 /* Covid-19 Info.app */,
				D0C9A1E1280AE6D1007C77B2 /* Covid-19 InfoTests.xctest */,
				D0C9A1EB280AE6D1007C77B2 /* Covid-19 InfoUITests.xctest */,
			);
			name = Products;
			sourceTree = "<group>";
		};
		D0C9A1D3280AE6CD007C77B2 /* Covid-19 Info */ = {
			isa = PBXGroup;
			children = (
				D0C9A1FE280AF1CD007C77B2 /* Home_Page.swift */,
				D0C9A1D4280AE6CD007C77B2 /* Covid_19_InfoApp.swift */,
				D0C9A1D6280AE6CD007C77B2 /* ContentView.swift */,
				D0C9A1D8280AE6D1007C77B2 /* Assets.xcassets */,
				D0C9A1DA280AE6D1007C77B2 /* Preview Content */,
			);
			path = "Covid-19 Info";
			sourceTree = "<group>";
		};
		D0C9A1DA280AE6D1007C77B2 /* Preview Content */ = {
			isa = PBXGroup;
			children = (
				D0C9A1DB280AE6D1007C77B2 /* Preview Assets.xcassets */,
			);
			path = "Preview Content";
			sourceTree = "<group>";
		};
		D0C9A1E4280AE6D1007C77B2 /* Covid-19 InfoTests */ = {
			isa = PBXGroup;
			children = (
				D0C9A1E5280AE6D1007C77B2 /* Covid_19_InfoTests.swift */,
			);
			path = "Covid-19 InfoTests";
			sourceTree = "<group>";
		};
		D0C9A1EE280AE6D1007C77B2 /* Covid-19 InfoUITests */ = {
			isa = PBXGroup;
			children = (
				D0C9A1EF280AE6D1007C77B2 /* Covid_19_InfoUITests.swift */,
				D0C9A1F1280AE6D1007C77B2 /* Covid_19_InfoUITestsLaunchTests.swift */,
			);
			path = "Covid-19 InfoUITests";
			sourceTree = "<group>";
		};
/* End PBXGroup section */

/* Begin PBXNativeTarget section */
		D0C9A1D0280AE6CC007C77B2 /* Covid-19 Info */ = {
			isa = PBXNativeTarget;
			buildConfigurationList = D0C9A1F5280AE6D1007C77B2 /* Build configuration list for PBXNativeTarget "Covid-19 Info" */;
			buildPhases = (
				D0C9A1CD280AE6CC007C77B2 /* Sources */,
				D0C9A1CE280AE6CC007C77B2 /* Frameworks */,
				D0C9A1CF280AE6CC007C77B2 /* Resources */,
			);
			buildRules = (
			);
			dependencies = (
			);
			name = "Covid-19 Info";
			productName = "Covid-19 Info";
			productReference = D0C9A1D1280AE6CD007C77B2 /* Covid-19 Info.app */;
			productType = "com.apple.product-type.application";
		};
		D0C9A1E0280AE6D1007C77B2 /* Covid-19 InfoTests */ = {
			isa = PBXNativeTarget;
			buildConfigurationList = D0C9A1F8280AE6D1007C77B2 /* Build configuration list for PBXNativeTarget "Covid-19 InfoTests" */;
			buildPhases = (
				D0C9A1DD280AE6D1007C77B2 /* Sources */,
				D0C9A1DE280AE6D1007C77B2 /* Frameworks */,
				D0C9A1DF280AE6D1007C77B2 /* Resources */,
			);
			buildRules = (
			);
			dependencies = (
				D0C9A1E3280AE6D1007C77B2 /* PBXTargetDependency */,
			);
			name = "Covid-19 InfoTests";
			productName = "Covid-19 InfoTests";
			productReference = D0C9A1E1280AE6D1007C77B2 /* Covid-19 InfoTests.xctest */;
			productType = "com.apple.product-type.bundle.unit-test";
		};
		D0C9A1EA280AE6D1007C77B2 /* Covid-19 InfoUITests */ = {
			isa = PBXNativeTarget;
			buildConfigurationList = D0C9A1FB280AE6D1007C77B2 /* Build configuration list for PBXNativeTarget "Covid-19 InfoUITests" */;
			buildPhases = (
				D0C9A1E7280AE6D1007C77B2 /* Sources */,
				D0C9A1E8280AE6D1007C77B2 /* Frameworks */,
				D0C9A1E9280AE6D1007C77B2 /* Resources */,
			);
			buildRules = (
			);
			dependencies = (
				D0C9A1ED280AE6D1007C77B2 /* PBXTargetDependency */,
			);
			name = "Covid-19 InfoUITests";
			productName = "Covid-19 InfoUITests";
			productReference = D0C9A1EB280AE6D1007C77B2 /* Covid-19 InfoUITests.xctest */;
			productType = "com.apple.product-type.bundle.ui-testing";
		};
/* End PBXNativeTarget section */

/* Begin PBXProject section */
		D0C9A1C9280AE6CC007C77B2 /* Project object */ = {
			isa = PBXProject;
			attributes = {
				BuildIndependentTargetsInParallel = 1;
				LastSwiftUpdateCheck = 1330;
				LastUpgradeCheck = 1330;
				TargetAttributes = {
					D0C9A1D0280AE6CC007C77B2 = {
						CreatedOnToolsVersion = 13.3.1;
					};
					D0C9A1E0280AE6D1007C77B2 = {
						CreatedOnToolsVersion = 13.3.1;
						TestTargetID = D0C9A1D0280AE6CC007C77B2;
					};
					D0C9A1EA280AE6D1007C77B2 = {
						CreatedOnToolsVersion = 13.3.1;
						TestTargetID = D0C9A1D0280AE6CC007C77B2;
					};
				};
			};
			buildConfigurationList = D0C9A1CC280AE6CC007C77B2 /* Build configuration list for PBXProject "Covid-19 Info" */;
			compatibilityVersion = "Xcode 13.0";
			developmentRegion = en;
			hasScannedForEncodings = 0;
			knownRegions = (
				en,
				Base,
			);
			mainGroup = D0C9A1C8280AE6CC007C77B2;
			productRefGroup = D0C9A1D2280AE6CD007C77B2 /* Products */;
			projectDirPath = "";
			projectRoot = "";
			targets = (
				D0C9A1D0280AE6CC007C77B2 /* Covid-19 Info */,
				D0C9A1E0280AE6D1007C77B2 /* Covid-19 InfoTests */,
				D0C9A1EA280AE6D1007C77B2 /* Covid-19 InfoUITests */,
			);
		};
/* End PBXProject section */

/* Begin PBXResourcesBuildPhase section */
		D0C9A1CF280AE6CC007C77B2 /* Resources */ = {
			isa = PBXResourcesBuildPhase;
			buildActionMask = 2147483647;
			files = (
				D0C9A1DC280AE6D1007C77B2 /* Preview Assets.xcassets in Resources */,
				D0C9A1D9280AE6D1007C77B2 /* Assets.xcassets in Resources */,
			);
			runOnlyForDeploymentPostprocessing = 0;
		};
		D0C9A1DF280AE6D1007C77B2 /* Resources */ = {
			isa = PBXResourcesBuildPhase;
			buildActionMask = 2147483647;
			files = (
			);
			runOnlyForDeploymentPostprocessing = 0;
		};
		D0C9A1E9280AE6D1007C77B2 /* Resources */ = {
			isa = PBXResourcesBuildPhase;
			buildActionMask = 2147483647;
			files = (
			);
			runOnlyForDeploymentPostprocessing = 0;
		};
/* End PBXResourcesBuildPhase section */

/* Begin PBXSourcesBuildPhase section */
		D0C9A1CD280AE6CC007C77B2 /* Sources */ = {
			isa = PBXSourcesBuildPhase;
			buildActionMask = 2147483647;
			files = (
				D0C9A1D7280AE6CD007C77B2 /* ContentView.swift in Sources */,
				D0C9A1D5280AE6CD007C77B2 /* Covid_19_InfoApp.swift in Sources */,
				D0C9A1FF280AF1CD007C77B2 /* Home_Page.swift in Sources */,
			);
			runOnlyForDeploymentPostprocessing = 0;
		};
		D0C9A1DD280AE6D1007C77B2 /* Sources */ = {
			isa = PBXSourcesBuildPhase;
			buildActionMask = 2147483647;
			files = (
				D0C9A1E6280AE6D1007C77B2 /* Covid_19_InfoTests.swift in Sources */,
			);
			runOnlyForDeploymentPostprocessing = 0;
		};
		D0C9A1E7280AE6D1007C77B2 /* Sources */ = {
			isa = PBXSourcesBuildPhase;
			buildActionMask = 2147483647;
			files = (
				D0C9A1F2280AE6D1007C77B2 /* Covid_19_InfoUITestsLaunchTests.swift in Sources */,
				D0C9A1F0280AE6D1007C77B2 /* Covid_19_InfoUITests.swift in Sources */,
			);
			runOnlyForDeploymentPostprocessing = 0;
		};
/* End PBXSourcesBuildPhase section */

/* Begin PBXTargetDependency section */
		D0C9A1E3280AE6D1007C77B2 /* PBXTargetDependency */ = {
			isa = PBXTargetDependency;
			target = D0C9A1D0280AE6CC007C77B2 /* Covid-19 Info */;
			targetProxy = D0C9A1E2280AE6D1007C77B2 /* PBXContainerItemProxy */;
		};
		D0C9A1ED280AE6D1007C77B2 /* PBXTargetDependency */ = {
			isa = PBXTargetDependency;
			target = D0C9A1D0280AE6CC007C77B2 /* Covid-19 Info */;
			targetProxy = D0C9A1EC280AE6D1007C77B2 /* PBXContainerItemProxy */;
		};
/* End PBXTargetDependency section */

/* Begin XCBuildConfiguration section */
		D0C9A1F3280AE6D1007C77B2 /* Debug */ = {
			isa = XCBuildConfiguration;
			buildSettings = {
				ALWAYS_SEARCH_USER_PATHS = NO;
				CLANG_ANALYZER_NONNULL = YES;
				CLANG_ANALYZER_NUMBER_OBJECT_CONVERSION = YES_AGGRESSIVE;
				CLANG_CXX_LANGUAGE_STANDARD = "gnu++17";
				CLANG_ENABLE_MODULES = YES;
				CLANG_ENABLE_OBJC_ARC = YES;
				CLANG_ENABLE_OBJC_WEAK = YES;
				CLANG_WARN_BLOCK_CAPTURE_AUTORELEASING = YES;
				CLANG_WARN_BOOL_CONVERSION = YES;
				CLANG_WARN_COMMA = YES;
				CLANG_WARN_CONSTANT_CONVERSION = YES;
				CLANG_WARN_DEPRECATED_OBJC_IMPLEMENTATIONS = YES;
				CLANG_WARN_DIRECT_OBJC_ISA_USAGE = YES_ERROR;
				CLANG_WARN_DOCUMENTATION_COMMENTS = YES;
				CLANG_WARN_EMPTY_BODY = YES;
				CLANG_WARN_ENUM_CONVERSION = YES;
				CLANG_WARN_INFINITE_RECURSION = YES;
				CLANG_WARN_INT_CONVERSION = YES;
				CLANG_WARN_NON_LITERAL_NULL_CONVERSION = YES;
				CLANG_WARN_OBJC_IMPLICIT_RETAIN_SELF = YES;
				CLANG_WARN_OBJC_LITERAL_CONVERSION = YES;
				CLANG_WARN_OBJC_ROOT_CLASS = YES_ERROR;
				CLANG_WARN_QUOTED_INCLUDE_IN_FRAMEWORK_HEADER = YES;
				CLANG_WARN_RANGE_LOOP_ANALYSIS = YES;
				CLANG_WARN_STRICT_PROTOTYPES = YES;
				CLANG_WARN_SUSPICIOUS_MOVE = YES;
				CLANG_WARN_UNGUARDED_AVAILABILITY = YES_AGGRESSIVE;
				CLANG_WARN_UNREACHABLE_CODE = YES;
				CLANG_WARN__DUPLICATE_METHOD_MATCH = YES;
				COPY_PHASE_STRIP = NO;
				DEBUG_INFORMATION_FORMAT = dwarf;
				ENABLE_STRICT_OBJC_MSGSEND = YES;
				ENABLE_TESTABILITY = YES;
				GCC_C_LANGUAGE_STANDARD = gnu11;
				GCC_DYNAMIC_NO_PIC = NO;
				GCC_NO_COMMON_BLOCKS = YES;
				GCC_OPTIMIZATION_LEVEL = 0;
				GCC_PREPROCESSOR_DEFINITIONS = (
					"DEBUG=1",
					"$(inherited)",
				);
				GCC_WARN_64_TO_32_BIT_CONVERSION = YES;
				GCC_WARN_ABOUT_RETURN_TYPE = YES_ERROR;
				GCC_WARN_UNDECLARED_SELECTOR = YES;
				GCC_WARN_UNINITIALIZED_AUTOS = YES_AGGRESSIVE;
				GCC_WARN_UNUSED_FUNCTION = YES;
				GCC_WARN_UNUSED_VARIABLE = YES;
				IPHONEOS_DEPLOYMENT_TARGET = 15.4;
				MTL_ENABLE_DEBUG_INFO = INCLUDE_SOURCE;
				MTL_FAST_MATH = YES;
				ONLY_ACTIVE_ARCH = YES;
				SDKROOT = iphoneos;
				SWIFT_ACTIVE_COMPILATION_CONDITIONS = DEBUG;
				SWIFT_OPTIMIZATION_LEVEL = "-Onone";
			};
			name = Debug;
		};
		D0C9A1F4280AE6D1007C77B2 /* Release */ = {
			isa = XCBuildConfiguration;
			buildSettings = {
				ALWAYS_SEARCH_USER_PATHS = NO;
				CLANG_ANALYZER_NONNULL = YES;
				CLANG_ANALYZER_NUMBER_OBJECT_CONVERSION = YES_AGGRESSIVE;
				CLANG_CXX_LANGUAGE_STANDARD = "gnu++17";
				CLANG_ENABLE_MODULES = YES;
				CLANG_ENABLE_OBJC_ARC = YES;
				CLANG_ENABLE_OBJC_WEAK = YES;
				CLANG_WARN_BLOCK_CAPTURE_AUTORELEASING = YES;
				CLANG_WARN_BOOL_CONVERSION = YES;
				CLANG_WARN_COMMA = YES;
				CLANG_WARN_CONSTANT_CONVERSION = YES;
				CLANG_WARN_DEPRECATED_OBJC_IMPLEMENTATIONS = YES;
				CLANG_WARN_DIRECT_OBJC_ISA_USAGE = YES_ERROR;
				CLANG_WARN_DOCUMENTATION_COMMENTS = YES;
				CLANG_WARN_EMPTY_BODY = YES;
				CLANG_WARN_ENUM_CONVERSION = YES;
				CLANG_WARN_INFINITE_RECURSION = YES;
				CLANG_WARN_INT_CONVERSION = YES;
				CLANG_WARN_NON_LITERAL_NULL_CONVERSION = YES;
				CLANG_WARN_OBJC_IMPLICIT_RETAIN_SELF = YES;
				CLANG_WARN_OBJC_LITERAL_CONVERSION = YES;
				CLANG_WARN_OBJC_ROOT_CLASS = YES_ERROR;
				CLANG_WARN_QUOTED_INCLUDE_IN_FRAMEWORK_HEADER = YES;
				CLANG_WARN_RANGE_LOOP_ANALYSIS = YES;
				CLANG_WARN_STRICT_PROTOTYPES = YES;
				CLANG_WARN_SUSPICIOUS_MOVE = YES;
				CLANG_WARN_UNGUARDED_AVAILABILITY = YES_AGGRESSIVE;
				CLANG_WARN_UNREACHABLE_CODE = YES;
				CLANG_WARN__DUPLICATE_METHOD_MATCH = YES;
				COPY_PHASE_STRIP = NO;
				DEBUG_INFORMATION_FORMAT = "dwarf-with-dsym";
				ENABLE_NS_ASSERTIONS = NO;
				ENABLE_STRICT_OBJC_MSGSEND = YES;
				GCC_C_LANGUAGE_STANDARD = gnu11;
				GCC_NO_COMMON_BLOCKS = YES;
				GCC_WARN_64_TO_32_BIT_CONVERSION = YES;
				GCC_WARN_ABOUT_RETURN_TYPE = YES_ERROR;
				GCC_WARN_UNDECLARED_SELECTOR = YES;
				GCC_WARN_UNINITIALIZED_AUTOS = YES_AGGRESSIVE;
				GCC_WARN_UNUSED_FUNCTION = YES;
				GCC_WARN_UNUSED_VARIABLE = YES;
				IPHONEOS_DEPLOYMENT_TARGET = 15.4;
				MTL_ENABLE_DEBUG_INFO = NO;
				MTL_FAST_MATH = YES;
				SDKROOT = iphoneos;
				SWIFT_COMPILATION_MODE = wholemodule;
				SWIFT_OPTIMIZATION_LEVEL = "-O";
				VALIDATE_PRODUCT = YES;
			};
			name = Release;
		};
		D0C9A1F6280AE6D1007C77B2 /* Debug */ = {
			isa = XCBuildConfiguration;
			buildSettings = {
				ASSETCATALOG_COMPILER_APPICON_NAME = AppIcon;
				ASSETCATALOG_COMPILER_GLOBAL_ACCENT_COLOR_NAME = AccentColor;
				CODE_SIGN_STYLE = Automatic;
				CURRENT_PROJECT_VERSION = 1;
				DEVELOPMENT_ASSET_PATHS = "\"Covid-19 Info/Preview Content\"";
				DEVELOPMENT_TEAM = 4JF4SFUST9;
				ENABLE_PREVIEWS = YES;
				GENERATE_INFOPLIST_FILE = YES;
				INFOPLIST_KEY_UIApplicationSceneManifest_Generation = YES;
				INFOPLIST_KEY_UIApplicationSupportsIndirectInputEvents = YES;
				INFOPLIST_KEY_UILaunchScreen_Generation = YES;
				INFOPLIST_KEY_UISupportedInterfaceOrientations_iPad = "UIInterfaceOrientationPortrait UIInterfaceOrientationPortraitUpsideDown UIInterfaceOrientationLandscapeLeft UIInterfaceOrientationLandscapeRight";
				INFOPLIST_KEY_UISupportedInterfaceOrientations_iPhone = "UIInterfaceOrientationPortrait UIInterfaceOrientationLandscapeLeft UIInterfaceOrientationLandscapeRight";
				LD_RUNPATH_SEARCH_PATHS = (
					"$(inherited)",
					"@executable_path/Frameworks",
				);
				MARKETING_VERSION = 1.0;
				PRODUCT_BUNDLE_IDENTIFIER = "com.skylock.Covid-19-Info";
				PRODUCT_NAME = "$(TARGET_NAME)";
				SWIFT_EMIT_LOC_STRINGS = YES;
				SWIFT_VERSION = 5.0;
				TARGETED_DEVICE_FAMILY = "1,2";
			};
			name = Debug;
		};
		D0C9A1F7280AE6D1007C77B2 /* Release */ = {
			isa = XCBuildConfiguration;
			buildSettings = {
				ASSETCATALOG_COMPILER_APPICON_NAME = AppIcon;
				ASSETCATALOG_COMPILER_GLOBAL_ACCENT_COLOR_NAME = AccentColor;
				CODE_SIGN_STYLE = Automatic;
				CURRENT_PROJECT_VERSION = 1;
				DEVELOPMENT_ASSET_PATHS = "\"Covid-19 Info/Preview Content\"";
				DEVELOPMENT_TEAM = 4JF4SFUST9;
				ENABLE_PREVIEWS = YES;
				GENERATE_INFOPLIST_FILE = YES;
				INFOPLIST_KEY_UIApplicationSceneManifest_Generation = YES;
				INFOPLIST_KEY_UIApplicationSupportsIndirectInputEvents = YES;
				INFOPLIST_KEY_UILaunchScreen_Generation = YES;
				INFOPLIST_KEY_UISupportedInterfaceOrientations_iPad = "UIInterfaceOrientationPortrait UIInterfaceOrientationPortraitUpsideDown UIInterfaceOrientationLandscapeLeft UIInterfaceOrientationLandscapeRight";
				INFOPLIST_KEY_UISupportedInterfaceOrientations_iPhone = "UIInterfaceOrientationPortrait UIInterfaceOrientationLandscapeLeft UIInterfaceOrientationLandscapeRight";
				LD_RUNPATH_SEARCH_PATHS = (
					"$(inherited)",
					"@executable_path/Frameworks",
				);
				MARKETING_VERSION = 1.0;
				PRODUCT_BUNDLE_IDENTIFIER = "com.skylock.Covid-19-Info";
				PRODUCT_NAME = "$(TARGET_NAME)";
				SWIFT_EMIT_LOC_STRINGS = YES;
				SWIFT_VERSION = 5.0;
				TARGETED_DEVICE_FAMILY = "1,2";
			};
			name = Release;
		};
		D0C9A1F9280AE6D1007C77B2 /* Debug */ = {
			isa = XCBuildConfiguration;
			buildSettings = {
				ALWAYS_EMBED_SWIFT_STANDARD_LIBRARIES = YES;
				BUNDLE_LOADER = "$(TEST_HOST)";
				CODE_SIGN_STYLE = Automatic;
				CURRENT_PROJECT_VERSION = 1;
				DEVELOPMENT_TEAM = 4JF4SFUST9;
				GENERATE_INFOPLIST_FILE = YES;
				IPHONEOS_DEPLOYMENT_TARGET = 15.4;
				MARKETING_VERSION = 1.0;
				PRODUCT_BUNDLE_IDENTIFIER = "com.skylock.Covid-19-InfoTests";
				PRODUCT_NAME = "$(TARGET_NAME)";
				SWIFT_EMIT_LOC_STRINGS = NO;
				SWIFT_VERSION = 5.0;
				TARGETED_DEVICE_FAMILY = "1,2";
				TEST_HOST = "$(BUILT_PRODUCTS_DIR)/Covid-19 Info.app/Covid-19 Info";
			};
			name = Debug;
		};
		D0C9A1FA280AE6D1007C77B2 /* Release */ = {
			isa = XCBuildConfiguration;
			buildSettings = {
				ALWAYS_EMBED_SWIFT_STANDARD_LIBRARIES = YES;
				BUNDLE_LOADER = "$(TEST_HOST)";
				CODE_SIGN_STYLE = Automatic;
				CURRENT_PROJECT_VERSION = 1;
				DEVELOPMENT_TEAM = 4JF4SFUST9;
				GENERATE_INFOPLIST_FILE = YES;
				IPHONEOS_DEPLOYMENT_TARGET = 15.4;
				MARKETING_VERSION = 1.0;
				PRODUCT_BUNDLE_IDENTIFIER = "com.skylock.Covid-19-InfoTests";
				PRODUCT_NAME = "$(TARGET_NAME)";
				SWIFT_EMIT_LOC_STRINGS = NO;
				SWIFT_VERSION = 5.0;
				TARGETED_DEVICE_FAMILY = "1,2";
				TEST_HOST = "$(BUILT_PRODUCTS_DIR)/Covid-19 Info.app/Covid-19 Info";
			};
			name = Release;
		};
		D0C9A1FC280AE6D1007C77B2 /* Debug */ = {
			isa = XCBuildConfiguration;
			buildSettings = {
				ALWAYS_EMBED_SWIFT_STANDARD_LIBRARIES = YES;
				CODE_SIGN_STYLE = Automatic;
				CURRENT_PROJECT_VERSION = 1;
				DEVELOPMENT_TEAM = 4JF4SFUST9;
				GENERATE_INFOPLIST_FILE = YES;
				MARKETING_VERSION = 1.0;
				PRODUCT_BUNDLE_IDENTIFIER = "com.skylock.Covid-19-InfoUITests";
				PRODUCT_NAME = "$(TARGET_NAME)";
				SWIFT_EMIT_LOC_STRINGS = NO;
				SWIFT_VERSION = 5.0;
				TARGETED_DEVICE_FAMILY = "1,2";
				TEST_TARGET_NAME = "Covid-19 Info";
			};
			name = Debug;
		};
		D0C9A1FD280AE6D1007C77B2 /* Release */ = {
			isa = XCBuildConfiguration;
			buildSettings = {
				ALWAYS_EMBED_SWIFT_STANDARD_LIBRARIES = YES;
				CODE_SIGN_STYLE = Automatic;
				CURRENT_PROJECT_VERSION = 1;
				DEVELOPMENT_TEAM = 4JF4SFUST9;
				GENERATE_INFOPLIST_FILE = YES;
				MARKETING_VERSION = 1.0;
				PRODUCT_BUNDLE_IDENTIFIER = "com.skylock.Covid-19-InfoUITests";
				PRODUCT_NAME = "$(TARGET_NAME)";
				SWIFT_EMIT_LOC_STRINGS = NO;
				SWIFT_VERSION = 5.0;
				TARGETED_DEVICE_FAMILY = "1,2";
				TEST_TARGET_NAME = "Covid-19 Info";
			};
			name = Release;
		};
/* End XCBuildConfiguration section */

/* Begin XCConfigurationList section */
		D0C9A1CC280AE6CC007C77B2 /* Build configuration list for PBXProject "Covid-19 Info" */ = {
			isa = XCConfigurationList;
			buildConfigurations = (
				D0C9A1F3280AE6D1007C77B2 /* Debug */,
				D0C9A1F4280AE6D1007C77B2 /* Release */,
			);
			defaultConfigurationIsVisible = 0;
			defaultConfigurationName = Release;
		};
		D0C9A1F5280AE6D1007C77B2 /* Build configuration list for PBXNativeTarget "Covid-19 Info" */ = {
			isa = XCConfigurationList;
			buildConfigurations = (
				D0C9A1F6280AE6D1007C77B2 /* Debug */,
				D0C9A1F7280AE6D1007C77B2 /* Release */,
			);
			defaultConfigurationIsVisible = 0;
			defaultConfigurationName = Release;
		};
		D0C9A1F8280AE6D1007C77B2 /* Build configuration list for PBXNativeTarget "Covid-19 InfoTests" */ = {
			isa = XCConfigurationList;
			buildConfigurations = (
				D0C9A1F9280AE6D1007C77B2 /* Debug */,
				D0C9A1FA280AE6D1007C77B2 /* Release */,
			);
			defaultConfigurationIsVisible = 0;
			defaultConfigurationName = Release;
		};
		D0C9A1FB280AE6D1007C77B2 /* Build configuration list for PBXNativeTarget "Covid-19 InfoUITests" */ = {
			isa = XCConfigurationList;
			buildConfigurations = (
				D0C9A1FC280AE6D1007C77B2 /* Debug */,
				D0C9A1FD280AE6D1007C77B2 /* Release */,
			);
			defaultConfigurationIsVisible = 0;
			defaultConfigurationName = Release;
		};
/* End XCConfigurationList section */
	};
	rootObject = D0C9A1C9280AE6CC007C77B2 /* Project object */;
}
